Microsoft Visual Studio Solution File, Format Version 12.00
# Visual Studio Version 17
VisualStudioVersion = 17.5.2.0
MinimumVisualStudioVersion = 10.0.40219.1
Project("{FAE04EC0-301F-11D3-BF4B-00C04F79EFBC}") = "FormulaOne.ChatService", "FormulaOne.ChatService\FormulaOne.ChatService.csproj", "{D848D3FB-CB0A-E9E3-E63A-20DB0BBDB83D}"
EndProject
Global
	GlobalSection(SolutionConfigurationPlatforms) = preSolution
		Debug|Any CPU = Debug|Any CPU
		Release|Any CPU = Release|Any CPU
	EndGlobalSection
	GlobalSection(ProjectConfigurationPlatforms) = postSolution
		{D848D3FB-CB0A-E9E3-E63A-20DB0BBDB83D}.Debug|Any CPU.ActiveCfg = Debug|Any CPU
		{D848D3FB-CB0A-E9E3-E63A-20DB0BBDB83D}.Debug|Any CPU.Build.0 = Debug|Any CPU
		{D848D3FB-CB0A-E9E3-E63A-20DB0BBDB83D}.Release|Any CPU.ActiveCfg = Release|Any CPU
		{D848D3FB-CB0A-E9E3-E63A-20DB0BBDB83D}.Release|Any CPU.Build.0 = Release|Any CPU
	EndGlobalSection
	GlobalSection(SolutionProperties) = preSolution
		HideSolutionNode = FALSE
	EndGlobalSection
	GlobalSection(ExtensibilityGlobals) = postSolution
		SolutionGuid = {2B030840-F636-4A40-B5CE-1450EDDAF47B}
	EndGlobalSection
EndGlobal
